
Microsoft Visual Studio Solution File, Format Version 12.00
# Visual Studio Version 16
VisualStudioVersion = 16.0.809.6
MinimumVisualStudioVersion = 10.0.40219.1
Project("{FAE04EC0-301F-11D3-BF4B-00C04F79EFBC}") = "MyWay.Passport.Mobile.Android", "MyWay.Passport.Mobile.Android\MyWay.Passport.Mobile.Android.csproj", "{FA0C877B-6DF9-45ED-8DFE-12FE96027C39}"
EndProject
Project("{FAE04EC0-301F-11D3-BF4B-00C04F79EFBC}") = "MyWay.Passport.Mobile.iOS", "MyWay.Passport.Mobile.iOS\MyWay.Passport.Mobile.iOS.csproj", "{B15DB30D-89F6-4792-B211-738B20D967F0}"
EndProject
Project("{FAE04EC0-301F-11D3-BF4B-00C04F79EFBC}") = "MyWay.Passport.Mobile", "MyWay.Passport.Mobile\MyWay.Passport.Mobile.csproj", "{F155870A-19D6-42A8-AEBC-75174DF5887B}"
EndProject
Global
	GlobalSection(SolutionConfigurationPlatforms) = preSolution
		Debug|Any CPU = Debug|Any CPU
		Release|Any CPU = Release|Any CPU
		Debug|iPhoneSimulator = Debug|iPhoneSimulator
		Release|iPhoneSimulator = Release|iPhoneSimulator
		Debug|iPhone = Debug|iPhone
		Release|iPhone = Release|iPhone
	EndGlobalSection
	GlobalSection(ProjectConfigurationPlatforms) = postSolution
		{FA0C877B-6DF9-45ED-8DFE-12FE96027C39}.Debug|Any CPU.ActiveCfg = Debug|Any CPU
		{FA0C877B-6DF9-45ED-8DFE-12FE96027C39}.Debug|Any CPU.Build.0 = Debug|Any CPU
		{FA0C877B-6DF9-45ED-8DFE-12FE96027C39}.Release|Any CPU.ActiveCfg = Release|Any CPU
		{FA0C877B-6DF9-45ED-8DFE-12FE96027C39}.Release|Any CPU.Build.0 = Release|Any CPU
		{FA0C877B-6DF9-45ED-8DFE-12FE96027C39}.Debug|iPhoneSimulator.ActiveCfg = Debug|Any CPU
		{FA0C877B-6DF9-45ED-8DFE-12FE96027C39}.Debug|iPhoneSimulator.Build.0 = Debug|Any CPU
		{FA0C877B-6DF9-45ED-8DFE-12FE96027C39}.Release|iPhoneSimulator.ActiveCfg = Release|Any CPU
		{FA0C877B-6DF9-45ED-8DFE-12FE96027C39}.Release|iPhoneSimulator.Build.0 = Release|Any CPU
		{FA0C877B-6DF9-45ED-8DFE-12FE96027C39}.Debug|iPhone.ActiveCfg = Debug|Any CPU
		{FA0C877B-6DF9-45ED-8DFE-12FE96027C39}.Debug|iPhone.Build.0 = Debug|Any CPU
		{FA0C877B-6DF9-45ED-8DFE-12FE96027C39}.Release|iPhone.ActiveCfg = Release|Any CPU
		{FA0C877B-6DF9-45ED-8DFE-12FE96027C39}.Release|iPhone.Build.0 = Release|Any CPU
		{B15DB30D-89F6-4792-B211-738B20D967F0}.Debug|Any CPU.ActiveCfg = Debug|iPhoneSimulator
		{B15DB30D-89F6-4792-B211-738B20D967F0}.Debug|Any CPU.Build.0 = Debug|iPhoneSimulator
		{B15DB30D-89F6-4792-B211-738B20D967F0}.Release|Any CPU.ActiveCfg = Release|iPhoneSimulator
		{B15DB30D-89F6-4792-B211-738B20D967F0}.Release|Any CPU.Build.0 = Release|iPhoneSimulator
		{B15DB30D-89F6-4792-B211-738B20D967F0}.Debug|iPhoneSimulator.ActiveCfg = Debug|iPhoneSimulator
		{B15DB30D-89F6-4792-B211-738B20D967F0}.Debug|iPhoneSimulator.Build.0 = Debug|iPhoneSimulator
		{B15DB30D-89F6-4792-B211-738B20D967F0}.Release|iPhoneSimulator.ActiveCfg = Release|iPhoneSimulator
		{B15DB30D-89F6-4792-B211-738B20D967F0}.Release|iPhoneSimulator.Build.0 = Release|iPhoneSimulator
		{B15DB30D-89F6-4792-B211-738B20D967F0}.Debug|iPhone.ActiveCfg = Debug|iPhone
		{B15DB30D-89F6-4792-B211-738B20D967F0}.Debug|iPhone.Build.0 = Debug|iPhone
		{B15DB30D-89F6-4792-B211-738B20D967F0}.Release|iPhone.ActiveCfg = Release|iPhone
		{B15DB30D-89F6-4792-B211-738B20D967F0}.Release|iPhone.Build.0 = Release|iPhone
		{F155870A-19D6-42A8-AEBC-75174DF5887B}.Debug|Any CPU.ActiveCfg = Debug|Any CPU
		{F155870A-19D6-42A8-AEBC-75174DF5887B}.Debug|Any CPU.Build.0 = Debug|Any CPU
		{F155870A-19D6-42A8-AEBC-75174DF5887B}.Release|Any CPU.ActiveCfg = Release|Any CPU
		{F155870A-19D6-42A8-AEBC-75174DF5887B}.Release|Any CPU.Build.0 = Release|Any CPU
		{F155870A-19D6-42A8-AEBC-75174DF5887B}.Debug|iPhoneSimulator.ActiveCfg = Debug|Any CPU
		{F155870A-19D6-42A8-AEBC-75174DF5887B}.Debug|iPhoneSimulator.Build.0 = Debug|Any CPU
		{F155870A-19D6-42A8-AEBC-75174DF5887B}.Release|iPhoneSimulator.ActiveCfg = Release|Any CPU
		{F155870A-19D6-42A8-AEBC-75174DF5887B}.Release|iPhoneSimulator.Build.0 = Release|Any CPU
		{F155870A-19D6-42A8-AEBC-75174DF5887B}.Debug|iPhone.ActiveCfg = Debug|Any CPU
		{F155870A-19D6-42A8-AEBC-75174DF5887B}.Debug|iPhone.Build.0 = Debug|Any CPU
		{F155870A-19D6-42A8-AEBC-75174DF5887B}.Release|iPhone.ActiveCfg = Release|Any CPU
		{F155870A-19D6-42A8-AEBC-75174DF5887B}.Release|iPhone.Build.0 = Release|Any CPU
	EndGlobalSection
	GlobalSection(SolutionProperties) = preSolution
		HideSolutionNode = FALSE
	EndGlobalSection
	GlobalSection(ExtensibilityGlobals) = postSolution
		SolutionGuid = {437A971B-7A67-4198-9EF9-FFDE225E2754}
	EndGlobalSection
	GlobalSection(MonoDevelopProperties) = preSolution
		Policies = $0
		$0.DotNetNamingPolicy = $1
		$1.DirectoryNamespaceAssociation = PrefixedHierarchical
	EndGlobalSection
EndGlobal
